{
  "name": "lloydflanagan",
  "lockfileVersion": 3,
  "requires": true,
  "packages": {
    "": {
      "name": "lloydflanagan",
      "dependencies": {
        "lit": "^3.3.2",
        "marked": "^18.0.3",
        "shoelace": "^0.1.1",
        "win-fork": "^1.1.1"
      },
      "devDependencies": {
        "prettier": "^3.8.3",
        "prettier-plugin-jinja-template": "^2.2.0"
      }
    },
    "node_modules/@lit-labs/ssr-dom-shim": {
      "version": "1.5.1",
      "resolved": "https://registry.npmjs.org/@lit-labs/ssr-dom-shim/-/ssr-dom-shim-1.5.1.tgz",
      "integrity": "sha512-Aou5UdlSpr5whQe8AA/bZG0jMj96CoJIWbGfZ91qieWu5AWUMKw8VR/pAkQkJYvBNhmCcWnZlyyk5oze8JIqYA==",
      "license": "BSD-3-Clause"
    },
    "node_modules/@lit/reactive-element": {
      "version": "2.1.2",
      "resolved": "https://registry.npmjs.org/@lit/reactive-element/-/reactive-element-2.1.2.tgz",
      "integrity": "sha512-pbCDiVMnne1lYUIaYNN5wrwQXDtHaYtg7YEFPeW+hws6U47WeFvISGUWekPGKWOP1ygrs0ef0o1VJMk1exos5A==",
      "license": "BSD-3-Clause",
      "dependencies": {
        "@lit-labs/ssr-dom-shim": "^1.5.0"
      }
    },
    "node_modules/@types/trusted-types": {
      "version": "2.0.7",
      "resolved": "https://registry.npmjs.org/@types/trusted-types/-/trusted-types-2.0.7.tgz",
      "integrity": "sha512-ScaPdn1dQczgbl0QFTeTOmVHFULt394XJgOQNoyVhZ6r2vLnMLJfBPd53SB52T/3G36VI1/g2MZaX0cwDuXsfw==",
      "license": "MIT"
    },
    "node_modules/agent-base": {
      "version": "1.0.2",
      "resolved": "https://registry.npmjs.org/agent-base/-/agent-base-1.0.2.tgz",
      "integrity": "sha512-IrdRInle5l28T2DjBsOojXniN91mXYkt9piDyPbPEoA/X+f7kjd0qiIb18vZThIZCJdLk2Zq/ukXxZp8NkcFsw==",
      "license": "MIT"
    },
    "node_modules/archy": {
      "version": "0.0.2",
      "resolved": "https://registry.npmjs.org/archy/-/archy-0.0.2.tgz",
      "integrity": "sha512-8mMsetjXv4pCPTrMbPPO2cxy9vzJn2jwbd+ug+mf8fEUZG2E78Vo5erJMjrnGuLTKqOLtS5ulFHJSfg1yaCjxA==",
      "license": "MIT/X11",
      "engines": {
        "node": "*"
      }
    },
    "node_modules/batch": {
      "version": "0.3.2",
      "resolved": "https://registry.npmjs.org/batch/-/batch-0.3.2.tgz",
      "integrity": "sha512-TIMqydnQ7j/svdKkp7oovtYKFwxSiLpU8E62A3cVbi9+T8KUlsJSAB7Cg+Z/4ioYGDF4anLfImvpZlUP46TPqQ=="
    },
    "node_modules/better-assert": {
      "version": "0.1.0",
      "resolved": "https://registry.npmjs.org/better-assert/-/better-assert-0.1.0.tgz",
      "integrity": "sha512-U83vktWGmwjuSPMErA7ztkJHuq0q9sj1qyxggClobyxgl3YPoB+BlflxBnHkEKB64Oxy9tdI6aH9OSouvlNcgQ==",
      "dependencies": {
        "callsite": "*"
      },
      "engines": {
        "node": "*"
      }
    },
    "node_modules/callsite": {
      "version": "1.0.0",
      "resolved": "https://registry.npmjs.org/callsite/-/callsite-1.0.0.tgz",
      "integrity": "sha512-0vdNRFXn5q+dtOqjfFtmtlI9N2eVZ7LMyEV2iKC5mEEFvSg/69Ml6b/WU2qF8W1nLRa0wiSrDT3Y5jOHZCwKPQ==",
      "engines": {
        "node": "*"
      }
    },
    "node_modules/commander": {
      "version": "2.0.0",
      "resolved": "https://registry.npmjs.org/commander/-/commander-2.0.0.tgz",
      "integrity": "sha512-qebjpyeaA/nJ4w3EO2cV2++/zEkccPnjWogzA2rff+Lk8ILI75vULeTmyd4wPxWdKwtP3J+G39IXVZadh0UHyw==",
      "engines": {
        "node": ">= 0.6.x"
      }
    },
    "node_modules/component": {
      "version": "0.18.0",
      "resolved": "https://registry.npmjs.org/component/-/component-0.18.0.tgz",
      "integrity": "sha512-lRWPQu2QdAiARAZUfX/lvP7CXnE/NZB0xTgfWO2S8m8essLEPSNAnMZAc5bHkh2eDj0rP51HID3h5r6weZOWgA==",
      "dependencies": {
        "archy": "0.0.2",
        "batch": "0.3.2",
        "commander": "1.0.5",
        "component-builder": "0.10.0",
        "debug": "*",
        "jog": "0.4.0",
        "mkdirp": "0.3.4",
        "netrc": "~0.1.3",
        "open": "0.0.4",
        "rimraf": "~2.1.4",
        "string-to-js": "0.0.1",
        "superagent": "0.15.3",
        "superagent-proxy": "0.0.1",
        "win-fork": "1.0.0"
      },
      "bin": {
        "component": "bin/component",
        "component-build": "bin/component-build",
        "component-changes": "bin/component-changes",
        "component-convert": "bin/component-convert",
        "component-create": "bin/component-create",
        "component-help": "bin/component-help",
        "component-info": "bin/component-info",
        "component-install": "bin/component-install",
        "component-ls": "bin/component-ls",
        "component-search": "bin/component-search",
        "component-wiki": "bin/component-wiki"
      },
      "engines": {
        "node": ">= 0.8.0"
      }
    },
    "node_modules/component-builder": {
      "version": "0.8.3",
      "resolved": "https://registry.npmjs.org/component-builder/-/component-builder-0.8.3.tgz",
      "integrity": "sha512-fkElR5xGWJeyrgNGmiZV3quoO02I0+JbXLsGJwSngKNF6w6qzZA7y63ZVX0ZFfmr4X3+WLU9FQ9LcstK6UnuXg==",
      "dependencies": {
        "batch": "0.2.1",
        "better-assert": "~0.1.0",
        "component-require": "0.2.2",
        "debug": "*",
        "fs-extra": "~0.6.0",
        "mkdirp": "0.3.4"
      }
    },
    "node_modules/component-builder/node_modules/batch": {
      "version": "0.2.1",
      "resolved": "https://registry.npmjs.org/batch/-/batch-0.2.1.tgz",
      "integrity": "sha512-prVkjDV23cjQy3z89LUFWV96l+VtCvCNk2NBjDTXzssr6G+3RGdkuLfh3uKJ/GmzkE+jyBXBGmo2hn/J/W2Dcw=="
    },
    "node_modules/component-require": {
      "version": "0.2.2",
      "resolved": "https://registry.npmjs.org/component-require/-/component-require-0.2.2.tgz",
      "integrity": "sha512-Y9SwO0tVgVmEa3M20HmLKUJ824QwN9ZWEgSdBV1yFwG0UV0S8q2z0YOXM1RSZcae1b+0c5ol2RPK9tGBvpyx4g=="
    },
    "node_modules/component-stylus": {
      "version": "1.1.3",
      "resolved": "https://registry.npmjs.org/component-stylus/-/component-stylus-1.1.3.tgz",
      "integrity": "sha512-of2le9CLJuNU00DicVdvmdAYdFfa83XwcIt1ZkO5PmKvR15ujiA7IgwGp7SjSU2n8GDV5XFln+nEJIFYS72+mQ==",
      "license": "MIT",
      "dependencies": {
        "batch": "~0.3.0",
        "debug": "~0.7.0",
        "nib": "~0.9.1",
        "stylus": "~0.32.0"
      },
      "peerDependencies": {
        "component-builder": "~0.8.1"
      }
    },
    "node_modules/component-stylus/node_modules/debug": {
      "version": "0.7.4",
      "resolved": "https://registry.npmjs.org/debug/-/debug-0.7.4.tgz",
      "integrity": "sha512-EohAb3+DSHSGx8carOSKJe8G0ayV5/i609OD0J2orCkuyae7SyZSz2aoLmQF2s0Pj5gITDebwPH7GFBlqOUQ1Q==",
      "engines": {
        "node": "*"
      }
    },
    "node_modules/component/node_modules/commander": {
      "version": "1.0.5",
      "resolved": "https://registry.npmjs.org/commander/-/commander-1.0.5.tgz",
      "integrity": "sha512-Iil6cZ1vitahfQSTrGO3L4v3dtvnfyGpKkXN+aJV9uR24JYxhM9bUfBLat65nU7cIXzOcnkjGtfdCuqaO1caIQ==",
      "dependencies": {
        "keypress": "0.1.x"
      },
      "engines": {
        "node": ">= 0.6.x"
      }
    },
    "node_modules/component/node_modules/component-builder": {
      "version": "0.10.0",
      "resolved": "https://registry.npmjs.org/component-builder/-/component-builder-0.10.0.tgz",
      "integrity": "sha512-J5dabmzaO8W3yIs3YNabTn8tU2bMwMVNith5/X8RFOxQZ1nJ+Gg1Cr8w63FRJkN/695/KRrnSXUodSDh7joDqg==",
      "dependencies": {
        "batch": "0.2.1",
        "better-assert": "~0.1.0",
        "component-require": "0.3.1",
        "cp": "~0.1.0",
        "debug": "*",
        "mkdirp": "0.3.4",
        "string-to-js": "0.0.1"
      }
    },
    "node_modules/component/node_modules/component-builder/node_modules/batch": {
      "version": "0.2.1",
      "resolved": "https://registry.npmjs.org/batch/-/batch-0.2.1.tgz",
      "integrity": "sha512-prVkjDV23cjQy3z89LUFWV96l+VtCvCNk2NBjDTXzssr6G+3RGdkuLfh3uKJ/GmzkE+jyBXBGmo2hn/J/W2Dcw=="
    },
    "node_modules/component/node_modules/component-require": {
      "version": "0.3.1",
      "resolved": "https://registry.npmjs.org/component-require/-/component-require-0.3.1.tgz",
      "integrity": "sha512-MpKgc0kIW93KPY2ew6Y0owtJiRtHJO6vJVtxst26FxNrtBdLHQ3k/rTbfSZSJ09F4QHUiKLh6fxZd3U2FZPHAg=="
    },
    "node_modules/component/node_modules/win-fork": {
      "version": "1.0.0",
      "resolved": "https://registry.npmjs.org/win-fork/-/win-fork-1.0.0.tgz",
      "integrity": "sha512-iFsJSmXuUuGQKyCMx5pWPj0/jdLbpPAofFqbXDB8vOu2KjBmx3e8WO5heBtn0HTZ/MYVSMebx18f48Oe4bRn8Q==",
      "license": "BSD"
    },
    "node_modules/cookiejar": {
      "version": "1.3.0",
      "resolved": "https://registry.npmjs.org/cookiejar/-/cookiejar-1.3.0.tgz",
      "integrity": "sha512-U+NgxxtwHIokuL04FqKEkqsaWBDtnCQo+wvYjUCtBA56Lcg8vpV3SGtBx+RAmw92SV3VT8PwsYcCFK/cC3Dw+A==",
      "engines": {
        "node": "*"
      }
    },
    "node_modules/cp": {
      "version": "0.1.1",
      "resolved": "https://registry.npmjs.org/cp/-/cp-0.1.1.tgz",
      "integrity": "sha512-ht9oKVsn1lAqV8FdUuSwBUQB8AG2cSyYbPim/mEwj+Dt3d21IRu2H5diDumMpKb77tsIAGM3eU484KvcTrPvHw==",
      "license": "MIT"
    },
    "node_modules/cssom": {
      "version": "0.2.5",
      "resolved": "https://registry.npmjs.org/cssom/-/cssom-0.2.5.tgz",
      "integrity": "sha512-b9ecqKEfWrNcyzx5+1nmcfi80fPp8dVM8rlAh7fFK14PZbNjp++gRjyZTZfLJQa/Lw0qeCJho7WBIl0nw0v6HA==",
      "engines": {
        "node": ">=0.2.0"
      }
    },
    "node_modules/debug": {
      "version": "4.4.3",
      "resolved": "https://registry.npmjs.org/debug/-/debug-4.4.3.tgz",
      "integrity": "sha512-RGwwWnwQvkVfavKVt22FGLw+xYSdzARwm0ru6DhTVA3umU5hZc28V3kO4stgYryrTlLpuvgI9GiijltAjNbcqA==",
      "license": "MIT",
      "dependencies": {
        "ms": "^2.1.3"
      },
      "engines": {
        "node": ">=6.0"
      },
      "peerDependenciesMeta": {
        "supports-color": {
          "optional": true
        }
      }
    },
    "node_modules/emitter-component": {
      "version": "1.0.0",
      "resolved": "https://registry.npmjs.org/emitter-component/-/emitter-component-1.0.0.tgz",
      "integrity": "sha512-GZrLdp4Z7OERecoYQYElVVqf6/gcbGUs8nvaE+nmu2dGy453lLgGyPLNX9DdSyojdMqI86fCT9XQqsWJymciEw=="
    },
    "node_modules/extend": {
      "version": "3.0.2",
      "resolved": "https://registry.npmjs.org/extend/-/extend-3.0.2.tgz",
      "integrity": "sha512-fjquC59cD7CyW6urNXK0FBufkZcoiGG80wTuPujX590cB5Ttln20E2UB4S/WARVqhXffZl2LNgS+gQdPIIim/g==",
      "license": "MIT"
    },
    "node_modules/formidable": {
      "version": "1.0.14",
      "resolved": "https://registry.npmjs.org/formidable/-/formidable-1.0.14.tgz",
      "integrity": "sha512-aOskFHEfYwkSKSzGui5jhQ+uyLo2NTwpzhndggz2YZHlv0HkAi+zG5ZEBCL3GTvqLyr/FzX9Mvx9DueCmu2HzQ==",
      "deprecated": "Please upgrade to latest, formidable@v2 or formidable@v3! Check these notes: https://bit.ly/2ZEqIau",
      "engines": {
        "node": ">=0.8.0"
      }
    },
    "node_modules/fs-extra": {
      "version": "0.6.4",
      "resolved": "https://registry.npmjs.org/fs-extra/-/fs-extra-0.6.4.tgz",
      "integrity": "sha512-5rU898vl/Z948L+kkJedbmo/iltzmiF5bn/eEk0j/SgrPpI+Ydau9xlJPicV7Av2CHYBGz5LAlwTnBU80j1zPQ==",
      "dependencies": {
        "jsonfile": "~1.0.1",
        "mkdirp": "0.3.x",
        "ncp": "~0.4.2",
        "rimraf": "~2.2.0"
      }
    },
    "node_modules/fs-extra/node_modules/rimraf": {
      "version": "2.2.8",
      "resolved": "https://registry.npmjs.org/rimraf/-/rimraf-2.2.8.tgz",
      "integrity": "sha512-R5KMKHnPAQaZMqLOsyuyUmcIjSeDm+73eoqQpaXA7AZ22BL+6C+1mcUscgOsNd8WVlJuvlgAPsegcx7pjlV0Dg==",
      "deprecated": "Rimraf versions prior to v4 are no longer supported",
      "license": "MIT",
      "bin": {
        "rimraf": "bin.js"
      }
    },
    "node_modules/graceful-fs": {
      "version": "1.2.3",
      "resolved": "https://registry.npmjs.org/graceful-fs/-/graceful-fs-1.2.3.tgz",
      "integrity": "sha512-iiTUZ5vZ+2ZV+h71XAgwCSu6+NAizhFU3Yw8aC/hH5SQ3SnISqEqAek40imAFGtDcwJKNhXvSY+hzIolnLwcdQ==",
      "deprecated": "please upgrade to graceful-fs 4 for compatibility with current and future versions of Node.js",
      "license": "BSD",
      "optional": true,
      "engines": {
        "node": ">=0.4.0"
      }
    },
    "node_modules/http-proxy-agent": {
      "version": "0.2.7",
      "resolved": "https://registry.npmjs.org/http-proxy-agent/-/http-proxy-agent-0.2.7.tgz",
      "integrity": "sha512-9W3grrlsrW2kRGNRbGkBNVFx4voQS1H1TxWR60MVHKQ+rw+kRtA9JXVGQiiDgYsp315Ex5HPk+3it4lBNyk4WA==",
      "license": "MIT",
      "dependencies": {
        "agent-base": "~1.0.1",
        "debug": "2",
        "extend": "3"
      }
    },
    "node_modules/http-proxy-agent/node_modules/debug": {
      "version": "2.6.9",
      "resolved": "https://registry.npmjs.org/debug/-/debug-2.6.9.tgz",
      "integrity": "sha512-bC7ElrdJaJnPbAP+1EotYvqZsb3ecl5wi6Bfi6BJTUcNowp6cvspg0jXznRTKDjm/E7AdgFBVeAPVMNcKGsHMA==",
      "license": "MIT",
      "dependencies": {
        "ms": "2.0.0"
      }
    },
    "node_modules/http-proxy-agent/node_modules/ms": {
      "version": "2.0.0",
      "resolved": "https://registry.npmjs.org/ms/-/ms-2.0.0.tgz",
      "integrity": "sha512-Tpp60P6IUJDTuOq/5Z8cdskzJujfwqfOTkrwIwj7IRISpnkJnT6SyJ4PCPnGMoFjC9ddhal5KVIYtAt97ix05A==",
      "license": "MIT"
    },
    "node_modules/https-proxy-agent": {
      "version": "0.3.6",
      "resolved": "https://registry.npmjs.org/https-proxy-agent/-/https-proxy-agent-0.3.6.tgz",
      "integrity": "sha512-ZuLafAeUu97abfbpAO9Cwjl3slsx6yZ7apTYBNVtMdoDhlVzUhxXO0qh+Xxqc5FAm7oq747k2jjbICYJdEYShg==",
      "license": "MIT",
      "dependencies": {
        "agent-base": "~1.0.1",
        "debug": "2",
        "extend": "3"
      }
    },
    "node_modules/https-proxy-agent/node_modules/debug": {
      "version": "2.6.9",
      "resolved": "https://registry.npmjs.org/debug/-/debug-2.6.9.tgz",
      "integrity": "sha512-bC7ElrdJaJnPbAP+1EotYvqZsb3ecl5wi6Bfi6BJTUcNowp6cvspg0jXznRTKDjm/E7AdgFBVeAPVMNcKGsHMA==",
      "license": "MIT",
      "dependencies": {
        "ms": "2.0.0"
      }
    },
    "node_modules/https-proxy-agent/node_modules/ms": {
      "version": "2.0.0",
      "resolved": "https://registry.npmjs.org/ms/-/ms-2.0.0.tgz",
      "integrity": "sha512-Tpp60P6IUJDTuOq/5Z8cdskzJujfwqfOTkrwIwj7IRISpnkJnT6SyJ4PCPnGMoFjC9ddhal5KVIYtAt97ix05A==",
      "license": "MIT"
    },
    "node_modules/jog": {
      "version": "0.4.0",
      "resolved": "https://registry.npmjs.org/jog/-/jog-0.4.0.tgz",
      "integrity": "sha512-yhLpqkWesxFD7uI5X9Jzzu5gOlnpuzcURpVxzuLePLCBizhWlKrHzR+Rln2Ror/WiU+nteey8DFINisKeC64wA==",
      "dependencies": {
        "commander": "0.5.2",
        "debug": "*",
        "ms": "0.1.0",
        "redis": "0.7.1"
      },
      "bin": {
        "jog": "bin/jog"
      },
      "engines": {
        "node": "*"
      }
    },
    "node_modules/jog/node_modules/commander": {
      "version": "0.5.2",
      "resolved": "https://registry.npmjs.org/commander/-/commander-0.5.2.tgz",
      "integrity": "sha512-/IKo89++b1UhClEhWvKk00gKgw6iwvwD8TOPTqqN9AyvjgPCnf9OrjnDNY3dPDOj+K+OhN9SRjYQH0AfX0bROw==",
      "engines": {
        "node": ">= 0.4.x"
      }
    },
    "node_modules/jog/node_modules/ms": {
      "version": "0.1.0",
      "resolved": "https://registry.npmjs.org/ms/-/ms-0.1.0.tgz",
      "integrity": "sha512-7uwYj3Xip4rOFpe5dDy+C25Ad0nAXkT4yAVMSpuh1UYR2Z7tAswSh4wb/HghRa533wofFUsvg54OQ90Mu1dCJg==",
      "engines": {
        "node": "*"
      }
    },
    "node_modules/jsonfile": {
      "version": "1.0.1",
      "resolved": "https://registry.npmjs.org/jsonfile/-/jsonfile-1.0.1.tgz",
      "integrity": "sha512-KbsDJNRfRPF5v49tMNf9sqyyGqGLBcz1v5kZT01kG5ns5mQSltwxCKVmUzVKtEinkUnTDtSrp6ngWpV7Xw0ZlA=="
    },
    "node_modules/keypress": {
      "version": "0.1.0",
      "resolved": "https://registry.npmjs.org/keypress/-/keypress-0.1.0.tgz",
      "integrity": "sha512-x0yf9PL/nx9Nw9oLL8ZVErFAk85/lslwEP7Vz7s5SI1ODXZIgit3C5qyWjw4DxOuO/3Hb4866SQh28a1V1d+WA==",
      "license": "MIT"
    },
    "node_modules/lit": {
      "version": "3.3.2",
      "resolved": "https://registry.npmjs.org/lit/-/lit-3.3.2.tgz",
      "integrity": "sha512-NF9zbsP79l4ao2SNrH3NkfmFgN/hBYSQo90saIVI1o5GpjAdCPVstVzO1MrLOakHoEhYkrtRjPK6Ob521aoYWQ==",
      "license": "BSD-3-Clause",
      "dependencies": {
        "@lit/reactive-element": "^2.1.0",
        "lit-element": "^4.2.0",
        "lit-html": "^3.3.0"
      }
    },
    "node_modules/lit-element": {
      "version": "4.2.2",
      "resolved": "https://registry.npmjs.org/lit-element/-/lit-element-4.2.2.tgz",
      "integrity": "sha512-aFKhNToWxoyhkNDmWZwEva2SlQia+jfG0fjIWV//YeTaWrVnOxD89dPKfigCUspXFmjzOEUQpOkejH5Ly6sG0w==",
      "license": "BSD-3-Clause",
      "dependencies": {
        "@lit-labs/ssr-dom-shim": "^1.5.0",
        "@lit/reactive-element": "^2.1.0",
        "lit-html": "^3.3.0"
      }
    },
    "node_modules/lit-html": {
      "version": "3.3.2",
      "resolved": "https://registry.npmjs.org/lit-html/-/lit-html-3.3.2.tgz",
      "integrity": "sha512-Qy9hU88zcmaxBXcc10ZpdK7cOLXvXpRoBxERdtqV9QOrfpMZZ6pSYP91LhpPtap3sFMUiL7Tw2RImbe0Al2/kw==",
      "license": "BSD-3-Clause",
      "dependencies": {
        "@types/trusted-types": "^2.0.2"
      }
    },
    "node_modules/marked": {
      "version": "18.0.3",
      "resolved": "https://registry.npmjs.org/marked/-/marked-18.0.3.tgz",
      "integrity": "sha512-7VT90JOkDeaRWpfjOReRGPEKn0ecdARBkDGL+tT1wZY0efPPqkUxLUSmzy/C7TIylQYJC9STISEsCHrqb/7VIA==",
      "license": "MIT",
      "bin": {
        "marked": "bin/marked.js"
      },
      "engines": {
        "node": ">= 20"
      }
    },
    "node_modules/methods": {
      "version": "0.0.1",
      "resolved": "https://registry.npmjs.org/methods/-/methods-0.0.1.tgz",
      "integrity": "sha512-pB8oFfci/xcfUgM6DTxc7lbTKifPPgs3mZUOsEgaH+1TTWpmcmv3sHl+5sUHIj2X2W8aPYa2+nJealRHK+Lo6A==",
      "license": "MIT"
    },
    "node_modules/mime": {
      "version": "1.2.5",
      "resolved": "https://registry.npmjs.org/mime/-/mime-1.2.5.tgz",
      "integrity": "sha512-QfwTOA+zRHSZXxl9Y7ue5ifKDhU1prnh0dO67Vgcl7Lcx0+79vL9A1ln0qtVur8CFSdYq5Zhnw9DDZQgwDh8Ng==",
      "engines": {
        "node": "*"
      }
    },
    "node_modules/mkdirp": {
      "version": "0.3.4",
      "resolved": "https://registry.npmjs.org/mkdirp/-/mkdirp-0.3.4.tgz",
      "integrity": "sha512-sZObLj65ImOahHTaycVJF559muyAvv1hYyBQSfVfZq9ajpgY9Da+cRQzbXDfsKJTwUMUABRjBMDHieYqbHKx0g==",
      "deprecated": "Legacy versions of mkdirp are no longer supported. Please update to mkdirp 1.x. (Note that the API surface has changed to use Promises in 1.x.)",
      "license": "MIT/X11",
      "engines": {
        "node": "*"
      }
    },
    "node_modules/ms": {
      "version": "2.1.3",
      "resolved": "https://registry.npmjs.org/ms/-/ms-2.1.3.tgz",
      "integrity": "sha512-6FlzubTLZG3J2a/NVCAleEhjzq5oxgHyaCU9yYXvcLsvoVaHJq/s5xXI6/XXP6tz7R9xAOtHnSO/tXtF3WRTlA==",
      "license": "MIT"
    },
    "node_modules/ncp": {
      "version": "0.4.2",
      "resolved": "https://registry.npmjs.org/ncp/-/ncp-0.4.2.tgz",
      "integrity": "sha512-PfGU8jYWdRl4FqJfCy0IzbkGyFHntfWygZg46nFk/dJD/XRrk2cj0SsKSX9n5u5gE0E0YfEpKWrEkfjnlZSTXA==",
      "license": "MIT",
      "bin": {
        "ncp": "bin/ncp"
      }
    },
    "node_modules/netrc": {
      "version": "0.1.4",
      "resolved": "https://registry.npmjs.org/netrc/-/netrc-0.1.4.tgz",
      "integrity": "sha512-ye8AIYWQcP9MvoM1i0Z2jV0qed31Z8EWXYnyGNkiUAd+Fo8J+7uy90xTV8g/oAbhtjkY7iZbNTizQaXdKUuwpQ==",
      "license": "MIT"
    },
    "node_modules/nib": {
      "version": "0.9.2",
      "resolved": "https://registry.npmjs.org/nib/-/nib-0.9.2.tgz",
      "integrity": "sha512-8e1pkjRQSF8+HlwPJUytj+JDsDBuGQh7hnKzpwh4qoIvEol8SuDsCqOgGRL91d4HvfeIiBT9iyDII2gmDmA1Uw==",
      "dependencies": {
        "stylus": "0.31.x"
      },
      "engines": {
        "node": "*"
      }
    },
    "node_modules/nib/node_modules/stylus": {
      "version": "0.31.0",
      "resolved": "https://registry.npmjs.org/stylus/-/stylus-0.31.0.tgz",
      "integrity": "sha512-BJ7iU9iUNOj/HlTuUF9SHh994ooIrOr/yYxzzQzpsweulT0HPyL4vtel9/QJcvq+xwy3ff7sf9Nv25kATr2qww==",
      "dependencies": {
        "cssom": "0.2.x",
        "debug": "*",
        "mkdirp": "0.3.x"
      },
      "bin": {
        "stylus": "bin/stylus"
      },
      "engines": {
        "node": "*"
      }
    },
    "node_modules/open": {
      "version": "0.0.4",
      "resolved": "https://registry.npmjs.org/open/-/open-0.0.4.tgz",
      "integrity": "sha512-89TW6JswxDIlkXZ6gBscNCE7x+A3oN/J0OqGhiLNhFnWiphTVnXOMsi5ggo72DqpB5PzinTu9ZU508z7Af2TnA==",
      "license": "MIT",
      "engines": {
        "node": ">= 0.6.0"
      }
    },
    "node_modules/prettier": {
      "version": "3.8.3",
      "resolved": "https://registry.npmjs.org/prettier/-/prettier-3.8.3.tgz",
      "integrity": "sha512-7igPTM53cGHMW8xWuVTydi2KO233VFiTNyF5hLJqpilHfmn8C8gPf+PS7dUT64YcXFbiMGZxS9pCSxL/Dxm/Jw==",
      "dev": true,
      "license": "MIT",
      "bin": {
        "prettier": "bin/prettier.cjs"
      },
      "engines": {
        "node": ">=14"
      },
      "funding": {
        "url": "https://github.com/prettier/prettier?sponsor=1"
      }
    },
    "node_modules/prettier-plugin-jinja-template": {
      "version": "2.2.0",
      "resolved": "https://registry.npmjs.org/prettier-plugin-jinja-template/-/prettier-plugin-jinja-template-2.2.0.tgz",
      "integrity": "sha512-FVZtWvSW8RKvHToWHgI9j1eau7t2mekYoVKg7GdDS16QVOYM8f08yzVptBUvSXKQR2xJAXCLi0rGGvJGFtCUrA==",
      "dev": true,
      "license": "MIT",
      "peerDependencies": {
        "prettier": "^3.0.0"
      }
    },
    "node_modules/qs": {
      "version": "0.6.5",
      "resolved": "https://registry.npmjs.org/qs/-/qs-0.6.5.tgz",
      "integrity": "sha512-n7wA/f30O3SsOw2BVkGUDzjWMw7kXvQJWKtDdgfq5HJvDoad+Jbc6osN1AQ0Iain5plo9e7Cs5fE+xR+DVkPTw==",
      "engines": {
        "node": "*"
      }
    },
    "node_modules/rainbowsocks": {
      "version": "0.1.3",
      "resolved": "https://registry.npmjs.org/rainbowsocks/-/rainbowsocks-0.1.3.tgz",
      "integrity": "sha512-/dfeXfgrecw1gCxmgfASMEYxAGLfztnXIwYoXTk4+I2qJY8oLmhKqlYZP7RTeuFPOQHQPCr0U0TbFG/k2fZgjg==",
      "license": "MIT",
      "dependencies": {
        "debug": "~2.2.0"
      }
    },
    "node_modules/rainbowsocks/node_modules/debug": {
      "version": "2.2.0",
      "resolved": "https://registry.npmjs.org/debug/-/debug-2.2.0.tgz",
      "integrity": "sha512-X0rGvJcskG1c3TgSCPqHJ0XJgwlcvOC7elJ5Y0hYuKBZoVqWpAMfLOeIh2UI/DCQ5ruodIjvsugZtjUYUw2pUw==",
      "license": "MIT",
      "dependencies": {
        "ms": "0.7.1"
      }
    },
    "node_modules/rainbowsocks/node_modules/ms": {
      "version": "0.7.1",
      "resolved": "https://registry.npmjs.org/ms/-/ms-0.7.1.tgz",
      "integrity": "sha512-lRLiIR9fSNpnP6TC4v8+4OU7oStC01esuNowdQ34L+Gk8e5Puoc88IqJ+XAY/B3Mn2ZKis8l8HX90oU8ivzUHg=="
    },
    "node_modules/redis": {
      "version": "0.7.1",
      "resolved": "https://registry.npmjs.org/redis/-/redis-0.7.1.tgz",
      "integrity": "sha512-kG/XY5DBOBo7NngF4+Ylj5FSbcjxGPHayDfjaGPAXTzay0f4vo+zFd4YPkL+2ANAkxQJYDISfoDa/qjgnYphCw==",
      "engines": {
        "node": "*"
      }
    },
    "node_modules/rimraf": {
      "version": "2.1.4",
      "resolved": "https://registry.npmjs.org/rimraf/-/rimraf-2.1.4.tgz",
      "integrity": "sha512-tzwmX16YQhcFu0T/m0gHBcFKx6yQAg77Z6WWaQSJsUekXYa6yaAmHhrDdmFicgauX/er7GsdN+vRao3mBhA4kQ==",
      "deprecated": "Rimraf versions prior to v4 are no longer supported",
      "license": "MIT",
      "optionalDependencies": {
        "graceful-fs": "~1"
      }
    },
    "node_modules/shoelace": {
      "version": "0.1.1",
      "resolved": "https://registry.npmjs.org/shoelace/-/shoelace-0.1.1.tgz",
      "integrity": "sha512-opa30oBCIpii7AgvzDokkg7ASWNNH8kiT7OfWyIAT4nHjVAD1OxvjJBZQvgEgv0Y2GvGrurB9AFerVes/wWvbQ==",
      "license": "MIT",
      "dependencies": {
        "commander": "~2.0.0",
        "component": "~0.18.0",
        "component-builder": "~0.8.3",
        "component-stylus": "~1.1.3"
      },
      "bin": {
        "shoelace": "bin/shoelace",
        "shoelace-build": "bin/shoelace-build",
        "shoelace-create": "bin/shoelace-create"
      }
    },
    "node_modules/socks-proxy-agent": {
      "version": "0.1.2",
      "resolved": "https://registry.npmjs.org/socks-proxy-agent/-/socks-proxy-agent-0.1.2.tgz",
      "integrity": "sha512-A6HCJpilsagbgSHmNbd6SdW5grzIn+UwJwughjFtSM9FldW44DJcdONeqVU74JNsJca5SDj7ParjW9aLKkNc4g==",
      "license": "MIT",
      "dependencies": {
        "agent-base": "~1.0.1",
        "extend": "~1.2.1",
        "rainbowsocks": "~0.1.2"
      }
    },
    "node_modules/socks-proxy-agent/node_modules/extend": {
      "version": "1.2.1",
      "resolved": "https://registry.npmjs.org/extend/-/extend-1.2.1.tgz",
      "integrity": "sha512-2/JwIYRpMBDSjbQjUUppNSrmc719crhFaWIdT+TRSVA8gE+6HEobQWqJ6VkPt/H8twS7h/0WWs7veh8wmp98Ng=="
    },
    "node_modules/string-to-js": {
      "version": "0.0.1",
      "resolved": "https://registry.npmjs.org/string-to-js/-/string-to-js-0.0.1.tgz",
      "integrity": "sha512-6/1FZ26C+iPY1+cfbScGQ91Br3ZixQn13s/wiOwVBMHZr/OrzrOcAp64li6OeoM1WiG8MZIk9kJZE5Q+Vr8dDg=="
    },
    "node_modules/stylus": {
      "version": "0.32.1",
      "resolved": "https://registry.npmjs.org/stylus/-/stylus-0.32.1.tgz",
      "integrity": "sha512-QAUlDBLxjrNpf4dT991DOaXcxBKCJuICYAso29Q0RV9aI+REZIER4aRMfE5DIkV1meSiVccO27dA1Uhu+5gzEQ==",
      "dependencies": {
        "cssom": "0.2.x",
        "debug": "*",
        "mkdirp": "0.3.x"
      },
      "bin": {
        "stylus": "bin/stylus"
      },
      "engines": {
        "node": "*"
      }
    },
    "node_modules/superagent": {
      "version": "0.15.3",
      "resolved": "https://registry.npmjs.org/superagent/-/superagent-0.15.3.tgz",
      "integrity": "sha512-PSYnen8vHPQeZNn25BPo146evL0EO2FgMCcHvC7xghasVZPuS/ubiI9A1w4O7gCf1IJ0sx6gdlu9Xeuussr6Uw==",
      "deprecated": "Please upgrade to superagent v10.2.2+, see release notes at https://github.com/forwardemail/superagent/releases/tag/v10.2.2 - maintenance is supported by Forward Email @ https://forwardemail.net",
      "dependencies": {
        "cookiejar": "1.3.0",
        "debug": "~0.7.2",
        "emitter-component": "1.0.0",
        "formidable": "1.0.14",
        "methods": "0.0.1",
        "mime": "1.2.5",
        "qs": "0.6.5"
      },
      "engines": {
        "node": "*"
      }
    },
    "node_modules/superagent-proxy": {
      "version": "0.0.1",
      "resolved": "https://registry.npmjs.org/superagent-proxy/-/superagent-proxy-0.0.1.tgz",
      "integrity": "sha512-AaMG2jcK0qW8nPUvh1Y5p5yu5TygzKZ4MSHtvtA6VF3Pk0q6GNoyaeY/MxsIjye+SSD3LqbUIfbmGRM2QqCxbw==",
      "license": "MIT",
      "dependencies": {
        "http-proxy-agent": "0",
        "https-proxy-agent": "0",
        "socks-proxy-agent": "0"
      },
      "peerDependencies": {
        "superagent": "0"
      }
    },
    "node_modules/superagent/node_modules/debug": {
      "version": "0.7.4",
      "resolved": "https://registry.npmjs.org/debug/-/debug-0.7.4.tgz",
      "integrity": "sha512-EohAb3+DSHSGx8carOSKJe8G0ayV5/i609OD0J2orCkuyae7SyZSz2aoLmQF2s0Pj5gITDebwPH7GFBlqOUQ1Q==",
      "engines": {
        "node": "*"
      }
    },
    "node_modules/win-fork": {
      "version": "1.1.1",
      "resolved": "https://registry.npmjs.org/win-fork/-/win-fork-1.1.1.tgz",
      "integrity": "sha512-kMnrXXHyb/Zx1ynkiMtcEgq+rxXFIfs/IhhxVBmIk+1KwPyIggZU0RAiADExhSyf0NESvCWQyfO4eGdlU9fBSw==",
      "license": "BSD",
      "bin": {
        "win-fork": "bin/win-spawn",
        "win-line-endings": "bin/win-line-endings",
        "win-spawn": "bin/win-spawn"
      }
    }
  }
}
