# This file is generated by running "yarn install" inside your project.
# Manual changes might be lost - proceed with caution!

__metadata:
  version: 9
  cacheKey: 10c0

"@lit-labs/ssr-dom-shim@npm:^1.5.0":
  version: 1.5.1
  resolution: "@lit-labs/ssr-dom-shim@npm:1.5.1"
  checksum: 10c0/2b10a42db0af33a4db32b3aa34db0f546aaa6794acdfc173499e999b4423102a1c9d15687679c674f07fa799cf740b5f5641c2ca6eee5d4af30c762a1e3b8c4f
  languageName: node
  linkType: hard

"@lit/reactive-element@npm:^2.1.0":
  version: 2.1.2
  resolution: "@lit/reactive-element@npm:2.1.2"
  dependencies:
    "@lit-labs/ssr-dom-shim": "npm:^1.5.0"
  checksum: 10c0/557069ce6ebbbafb1140e1e0a25ce73d3501bf455cda231d42bb131baa9065c54b6b7ca1655507eede397decd7ddde16c84192cb72a07d4edf41d54e07725933
  languageName: node
  linkType: hard

"@types/trusted-types@npm:^2.0.2":
  version: 2.0.7
  resolution: "@types/trusted-types@npm:2.0.7"
  checksum: 10c0/4c4855f10de7c6c135e0d32ce462419d8abbbc33713b31d294596c0cc34ae1fa6112a2f9da729c8f7a20707782b0d69da3b1f8df6645b0366d08825ca1522e0c
  languageName: node
  linkType: hard

"agent-base@npm:~1.0.1":
  version: 1.0.2
  resolution: "agent-base@npm:1.0.2"
  checksum: 10c0/874c569dc9f55fc82cf7c51f3d20a866284e23ca2d11ead79ca41d50f46abcbda390be589dc32247c30a557b38595e76e14e75c0d3affe1275e1314c35cee620
  languageName: node
  linkType: hard

"archy@npm:0.0.2":
  version: 0.0.2
  resolution: "archy@npm:0.0.2"
  checksum: 10c0/2d9824d8de582b466f434b2795fbbf98aa6b9c295f01180d1a3c5375e36b8cb5a233e1adc59dab3f5b33bfe35bbf693ad9c6c70d26ed94eaf8c1614605d3762b
  languageName: node
  linkType: hard

"batch@npm:0.2.1":
  version: 0.2.1
  resolution: "batch@npm:0.2.1"
  checksum: 10c0/cbc025cf7ddb7584984a1062304da6f4f76cada78596a0927b00403f737660221c0835c6db7cc677df3e8ef14879153b89bf4a6cdae5066e176d22eafd3f26b2
  languageName: node
  linkType: hard

"batch@npm:0.3.2, batch@npm:~0.3.0":
  version: 0.3.2
  resolution: "batch@npm:0.3.2"
  checksum: 10c0/bb724831c4b1fdf4862fd5041c5ca1ec96049540ff6c62ae000a87a83b7081fa367c419957148fbeaf94def5bcfc55cb0d1b869b01439bda28dac9327f0ab58e
  languageName: node
  linkType: hard

"better-assert@npm:~0.1.0":
  version: 0.1.0
  resolution: "better-assert@npm:0.1.0"
  dependencies:
    callsite: "npm:*"
  checksum: 10c0/461e78449755669d6b25b5909c4dc302feaee2a4cd8d38c115c72ead90c3145e5477109c8333ea6fb7ff093dc4f3717b50b727ce4746dcceb729ed750e3283a8
  languageName: node
  linkType: hard

"callsite@npm:*":
  version: 1.0.0
  resolution: "callsite@npm:1.0.0"
  checksum: 10c0/8b23d5ed879984b66fe3da381994d6c4b741e561226abc48b40c99c4896f7125db395ea4aa989071a7eb0712c3f83bc32fb1e798fdf54967acdf4af176e48572
  languageName: node
  linkType: hard

"commander@npm:0.5.2":
  version: 0.5.2
  resolution: "commander@npm:0.5.2"
  checksum: 10c0/79fcec939b97bfcf59fa9ebde672314d52be40dcc4c3506e974d7fc82670c335c0460bd753608d9305d931517202afb83c5cee0db13b474f367697a8ac1e3e7f
  languageName: node
  linkType: hard

"commander@npm:1.0.5":
  version: 1.0.5
  resolution: "commander@npm:1.0.5"
  dependencies:
    keypress: "npm:0.1.x"
  checksum: 10c0/ddf74958c566c6d22c8dc1e24564da7cf05df7d593ca9be4081f751fbdba454584564fa305bd8a61e006902e6c731354ff9cc9bb32f2c31e44f966c33b94e477
  languageName: node
  linkType: hard

"commander@npm:~2.0.0":
  version: 2.0.0
  resolution: "commander@npm:2.0.0"
  checksum: 10c0/c36ce38d4a137ce8f6a2782795a85604f7f1e461f1f84c2fb00e1debc335aeb667594daa1799b7202b3880073c2a95352fed2f73cbdf7c6015c0fe8c6bb0808d
  languageName: node
  linkType: hard

"component-builder@npm:0.10.0":
  version: 0.10.0
  resolution: "component-builder@npm:0.10.0"
  dependencies:
    batch: "npm:0.2.1"
    better-assert: "npm:~0.1.0"
    component-require: "npm:0.3.1"
    cp: "npm:~0.1.0"
    debug: "npm:*"
    mkdirp: "npm:0.3.4"
    string-to-js: "npm:0.0.1"
  checksum: 10c0/74318289de1b4b85ea5714cbffe34518d9746e6fe2fb6a16b9c7cba39ee6efc5c71598dcad38675225ed953aa7db660e74eca82c7f337128a56374e6ee732d87
  languageName: node
  linkType: hard

"component-builder@npm:~0.8.3":
  version: 0.8.3
  resolution: "component-builder@npm:0.8.3"
  dependencies:
    batch: "npm:0.2.1"
    better-assert: "npm:~0.1.0"
    component-require: "npm:0.2.2"
    debug: "npm:*"
    fs-extra: "npm:~0.6.0"
    mkdirp: "npm:0.3.4"
  checksum: 10c0/d281ef0a5081afb95916d4a98a854a147f12109a74cf37eb8649f1a321e7ebf800b57c29e129bd686e6eb85897dc39867339c5d85ad957d224173a9ab64e3b1a
  languageName: node
  linkType: hard

"component-require@npm:0.2.2":
  version: 0.2.2
  resolution: "component-require@npm:0.2.2"
  checksum: 10c0/29300da77871647d16f36f6a765cee3da20ffcce41561655cc240c6d8347892eb231671fd925efdd07be6784d7629b892e634ca782873b10d2177bb95de9c982
  languageName: node
  linkType: hard

"component-require@npm:0.3.1":
  version: 0.3.1
  resolution: "component-require@npm:0.3.1"
  checksum: 10c0/8f1efffbeaed5621b6df5c1b113b37a2279e28d24c8efe6d4160d140765d1243d01a628d1fd1b9cb428062e9b7c1b9772bbf121441772073db4f77bd434505d0
  languageName: node
  linkType: hard

"component-stylus@npm:~1.1.3":
  version: 1.1.3
  resolution: "component-stylus@npm:1.1.3"
  dependencies:
    batch: "npm:~0.3.0"
    debug: "npm:~0.7.0"
    nib: "npm:~0.9.1"
    stylus: "npm:~0.32.0"
  peerDependencies:
    component-builder: ~0.8.1
  checksum: 10c0/fd4545d58d2bff654110802b151cb72e2b72d01175aae7716b42f942286084603b7ceeabdb179c69c5bc51fe098a4340cd80a27c0b957e608dbbcb8851007bcd
  languageName: node
  linkType: hard

"component@npm:~0.18.0":
  version: 0.18.0
  resolution: "component@npm:0.18.0"
  dependencies:
    archy: "npm:0.0.2"
    batch: "npm:0.3.2"
    commander: "npm:1.0.5"
    component-builder: "npm:0.10.0"
    debug: "npm:*"
    jog: "npm:0.4.0"
    mkdirp: "npm:0.3.4"
    netrc: "npm:~0.1.3"
    open: "npm:0.0.4"
    rimraf: "npm:~2.1.4"
    string-to-js: "npm:0.0.1"
    superagent: "npm:0.15.3"
    superagent-proxy: "npm:0.0.1"
    win-fork: "npm:1.0.0"
  bin:
    component: bin/component
    component-build: bin/component-build
    component-changes: bin/component-changes
    component-convert: bin/component-convert
    component-create: bin/component-create
    component-help: bin/component-help
    component-info: bin/component-info
    component-install: bin/component-install
    component-ls: bin/component-ls
    component-search: bin/component-search
    component-wiki: bin/component-wiki
  checksum: 10c0/c1f7a0b20dcb1857002cec9cda546c832dc0ea85fd48c6ab6c8c82b04be6ce8677287a6d62c6aa3d5ff74e58934a3028f9da0037d16b14810c4e87b8bdd6e365
  languageName: node
  linkType: hard

"cookiejar@npm:1.3.0":
  version: 1.3.0
  resolution: "cookiejar@npm:1.3.0"
  checksum: 10c0/a525c1431e7291ea3cae952591e8babf8b8cb87269326e1421090e1263baf005b7609d646bbadbaf194bc156d31934d97fedcab73b4d8fe067218feae3ddf30b
  languageName: node
  linkType: hard

"cp@npm:~0.1.0":
  version: 0.1.1
  resolution: "cp@npm:0.1.1"
  checksum: 10c0/aac66b499a756a61952b44d0f234227d051dd304f2fb7f0c234f0565613412562267352e7389d1e93c44d4783ca3b23521352c17a8d844d2bf37930d4ce17a89
  languageName: node
  linkType: hard

"cssom@npm:0.2.x":
  version: 0.2.5
  resolution: "cssom@npm:0.2.5"
  checksum: 10c0/d8fae52a1b2cc37fdcc7ab81ff2294ba239959a690bec764446a4f6219de443b5bf82b5fa2249f7b3ead74e5b521cc7a4808790e5c518eaa2b199bc895443fd3
  languageName: node
  linkType: hard

"debug@npm:*":
  version: 4.4.3
  resolution: "debug@npm:4.4.3"
  dependencies:
    ms: "npm:^2.1.3"
  peerDependenciesMeta:
    supports-color:
      optional: true
  checksum: 10c0/d79136ec6c83ecbefd0f6a5593da6a9c91ec4d7ddc4b54c883d6e71ec9accb5f67a1a5e96d00a328196b5b5c86d365e98d8a3a70856aaf16b4e7b1985e67f5a6
  languageName: node
  linkType: hard

"debug@npm:2":
  version: 2.6.9
  resolution: "debug@npm:2.6.9"
  dependencies:
    ms: "npm:2.0.0"
  checksum: 10c0/121908fb839f7801180b69a7e218a40b5a0b718813b886b7d6bdb82001b931c938e2941d1e4450f33a1b1df1da653f5f7a0440c197f29fbf8a6e9d45ff6ef589
  languageName: node
  linkType: hard

"debug@npm:~0.7.0, debug@npm:~0.7.2":
  version: 0.7.4
  resolution: "debug@npm:0.7.4"
  checksum: 10c0/3ad6ebec233ddcf6f0d207e8cee87979efe57f7b10fd55499229c04b2fe0b26e0a37fa15301ca3b05cf34107ef0de86867b139469e04f753bb8fd70d17e61403
  languageName: node
  linkType: hard

"debug@npm:~2.2.0":
  version: 2.2.0
  resolution: "debug@npm:2.2.0"
  dependencies:
    ms: "npm:0.7.1"
  checksum: 10c0/d24d6200c9d9bef20e1dcb823a9895193a45c39505606468735f387bdd850a21baf4c7841df1787f9a02596cbf0f111d60726ba3fa7511e22198b91b33440fe9
  languageName: node
  linkType: hard

"emitter-component@npm:1.0.0":
  version: 1.0.0
  resolution: "emitter-component@npm:1.0.0"
  checksum: 10c0/1324dc1b3dd548d32fa57331593697bf5dd022d7c6cbabcd09c6f09e3f42e8bd882ed0f5ee0fb329b5cd8228616f9b13c5d80e2a76f115e8af4880109ef9d4d0
  languageName: node
  linkType: hard

"extend@npm:3":
  version: 3.0.2
  resolution: "extend@npm:3.0.2"
  checksum: 10c0/73bf6e27406e80aa3e85b0d1c4fd987261e628064e170ca781125c0b635a3dabad5e05adbf07595ea0cf1e6c5396cacb214af933da7cbaf24fe75ff14818e8f9
  languageName: node
  linkType: hard

"extend@npm:~1.2.1":
  version: 1.2.1
  resolution: "extend@npm:1.2.1"
  checksum: 10c0/820d1c6b6ca76e1c65a706757923eb836b40c72039177e0460f196ef52d3a1baa32e25ee5ba6bd175c54323178c85c512dead19958e1b416bec3c4342ca177dd
  languageName: node
  linkType: hard

"formidable@npm:1.0.14":
  version: 1.0.14
  resolution: "formidable@npm:1.0.14"
  checksum: 10c0/b7adbe819eac9bed932b6c7b8c3a5085e409c74e755b8250bef141e7c8d702a28e0cb813d55917d4d21c9ca745b39310aa31ba13ba892c0c87fdcde1d7cd8a55
  languageName: node
  linkType: hard

"fs-extra@npm:~0.6.0":
  version: 0.6.4
  resolution: "fs-extra@npm:0.6.4"
  dependencies:
    jsonfile: "npm:~1.0.1"
    mkdirp: "npm:0.3.x"
    ncp: "npm:~0.4.2"
    rimraf: "npm:~2.2.0"
  checksum: 10c0/c4c5083a1d582bb3734d1509be5da76da0c2198d3ca525545b4a7918e26eb48a32bebcc5fa4a05ac02d5ec2e283fdc508c53c0859617cfff6f07b49450290da1
  languageName: node
  linkType: hard

"graceful-fs@npm:~1":
  version: 1.2.3
  resolution: "graceful-fs@npm:1.2.3"
  checksum: 10c0/58b2c653a287a11ea2cab832672a71583e45fef295dec560a7d35b109df6b32d2e29fba82904686dd6a1c77c836e103dde3393d9921d1bae7bc49edb7685d2a2
  languageName: node
  linkType: hard

"http-proxy-agent@npm:0":
  version: 0.2.7
  resolution: "http-proxy-agent@npm:0.2.7"
  dependencies:
    agent-base: "npm:~1.0.1"
    debug: "npm:2"
    extend: "npm:3"
  checksum: 10c0/e2cf4fea7b8dfa6f98f462d278f92e26e4f59546cbb1687944d37fa9804b9b9477b01b8f47f77665595d38f4b1eb3e7bd04c27f8b68ab1c7130cc2dbcc29c3fc
  languageName: node
  linkType: hard

"https-proxy-agent@npm:0":
  version: 0.3.6
  resolution: "https-proxy-agent@npm:0.3.6"
  dependencies:
    agent-base: "npm:~1.0.1"
    debug: "npm:2"
    extend: "npm:3"
  checksum: 10c0/e70b61325de737c8d10c0afd820746f6e49d054bc6f51b08d6cf0881c1941ea8ff766fd77c6d1705b514e8053bc39e667936454624905628ef14cd43d67ede1f
  languageName: node
  linkType: hard

"jog@npm:0.4.0":
  version: 0.4.0
  resolution: "jog@npm:0.4.0"
  dependencies:
    commander: "npm:0.5.2"
    debug: "npm:*"
    ms: "npm:0.1.0"
    redis: "npm:0.7.1"
  bin:
    jog: ./bin/jog
  checksum: 10c0/77d78990810184095cfe9df460c0ea2920add37bcc84ac87e463e6d49dc0ff7efa8957ef5da9f44e16c088991086dcf12d9723f6f0f9fe91e8847d8ed652cf41
  languageName: node
  linkType: hard

"jsonfile@npm:~1.0.1":
  version: 1.0.1
  resolution: "jsonfile@npm:1.0.1"
  checksum: 10c0/b269983ca195c76e6f4b34b0fd981265da18952d5a3851903727111a5d6991bf8f583088924748e3ddbf0928895a2fabc9ff0be509328c17d58c4db95e62e8ea
  languageName: node
  linkType: hard

"keypress@npm:0.1.x":
  version: 0.1.0
  resolution: "keypress@npm:0.1.0"
  checksum: 10c0/0d6c1921fc92a8b0c1f8dd4845f7b764579a9ac69aa489b9eba60c4fb83f2f7983749534b37f1052b5244a3956d027d8b170aea5c4f24c8dda67b74fa9049a11
  languageName: node
  linkType: hard

"lit-element@npm:^4.2.0":
  version: 4.2.2
  resolution: "lit-element@npm:4.2.2"
  dependencies:
    "@lit-labs/ssr-dom-shim": "npm:^1.5.0"
    "@lit/reactive-element": "npm:^2.1.0"
    lit-html: "npm:^3.3.0"
  checksum: 10c0/114ab5837f1f9e03a30b1ed1c055fa0e31f01e444464e5ab0453ef88be12d778508235533267c42614d323e3048ee58f865b5c612948a53bd6219abca404c710
  languageName: node
  linkType: hard

"lit-html@npm:^3.3.0":
  version: 3.3.2
  resolution: "lit-html@npm:3.3.2"
  dependencies:
    "@types/trusted-types": "npm:^2.0.2"
  checksum: 10c0/0a6763875acd03dfc5d4483ea74ca4bfe5d71a90b05bfc484e8201721c8603db982760fd27566a69a834f21d34437f7c390e21cd4c6bff149ca7e3a46d3b217a
  languageName: node
  linkType: hard

"lit@npm:^3.3.2":
  version: 3.3.2
  resolution: "lit@npm:3.3.2"
  dependencies:
    "@lit/reactive-element": "npm:^2.1.0"
    lit-element: "npm:^4.2.0"
    lit-html: "npm:^3.3.0"
  checksum: 10c0/50563fd9c7bf546f8fdc6a936321b5be581ce440a359b06048ae5d44c1ecf6c38c2ded708e97d36a1ce70da1a7ad569890e40e0fb5ed040ec42d5ed2365f468d
  languageName: node
  linkType: hard

"lloydflanagan@workspace:.":
  version: 0.0.0-use.local
  resolution: "lloydflanagan@workspace:."
  dependencies:
    lit: "npm:^3.3.2"
    marked: "npm:^18.0.3"
    prettier: "npm:^3.8.3"
    shoelace: "npm:^0.1.1"
  languageName: unknown
  linkType: soft

"marked@npm:^18.0.3":
  version: 18.0.3
  resolution: "marked@npm:18.0.3"
  bin:
    marked: bin/marked.js
  checksum: 10c0/f2943a439acf17942058f8e4c51373e0f8aa88194b55625ffa22db7955b9c2752fe9bdd4a31498f667d30e5667bab2c27e3f2f56a1045f53b693f000a6199840
  languageName: node
  linkType: hard

"methods@npm:0.0.1":
  version: 0.0.1
  resolution: "methods@npm:0.0.1"
  checksum: 10c0/2b74a5271e9ad9dfede444b5aecfb34b373d774d8fde50eb6ac7d1fe258356d96e2d30b06c34629739a5bb185bfc2cb0c6db1a0a65fe1eff295f0aca06e6b5a9
  languageName: node
  linkType: hard

"mime@npm:1.2.5":
  version: 1.2.5
  resolution: "mime@npm:1.2.5"
  checksum: 10c0/04907b0fe84f84a7e7209c9520219a2f5173486fe46127821010eb18630a6c6fa906fd4c6a2b7f9b64a93c501d58fd22753a092536763b1513d8043fa8a76d78
  languageName: node
  linkType: hard

"mkdirp@npm:0.3.4":
  version: 0.3.4
  resolution: "mkdirp@npm:0.3.4"
  checksum: 10c0/920c2b5db79013f20e4c13d33886265f44690f8559a6f932ea9da63772992ec6f0493d26606df6181cb1d933ed73569416b66f1cd08f75c87bfc854fd6931414
  languageName: node
  linkType: hard

"mkdirp@npm:0.3.x":
  version: 0.3.5
  resolution: "mkdirp@npm:0.3.5"
  checksum: 10c0/73b9ea9e94ef3cb465d9846289131ed202a2a6402b62dc9a9425609514e5a1819ac1990406c58c55fc8fa73890d7bfdf4e3540f3b6aa2b9d32702374be7f4387
  languageName: node
  linkType: hard

"ms@npm:0.1.0":
  version: 0.1.0
  resolution: "ms@npm:0.1.0"
  checksum: 10c0/0f099a8e8efa79660bbd990aff553e8e0130e19913b72c84cf2259ce1dc3e0ec97e7d262ce21ec768186506f8b509be516c9ba4c282d8988f55c2f85cf4e227d
  languageName: node
  linkType: hard

"ms@npm:0.7.1":
  version: 0.7.1
  resolution: "ms@npm:0.7.1"
  checksum: 10c0/caeb29c1eef02d38f03781d1937a59ddef897be8686c146507a9d33cda7fa4de678d0c6091f8ce7e45bf35585e655d398d9d5103e5197fd919643c46356887cc
  languageName: node
  linkType: hard

"ms@npm:2.0.0":
  version: 2.0.0
  resolution: "ms@npm:2.0.0"
  checksum: 10c0/f8fda810b39fd7255bbdc451c46286e549794fcc700dc9cd1d25658bbc4dc2563a5de6fe7c60f798a16a60c6ceb53f033cb353f493f0cf63e5199b702943159d
  languageName: node
  linkType: hard

"ms@npm:^2.1.3":
  version: 2.1.3
  resolution: "ms@npm:2.1.3"
  checksum: 10c0/d924b57e7312b3b63ad21fc5b3dc0af5e78d61a1fc7cfb5457edaf26326bf62be5307cc87ffb6862ef1c2b33b0233cdb5d4f01c4c958cc0d660948b65a287a48
  languageName: node
  linkType: hard

"ncp@npm:~0.4.2":
  version: 0.4.2
  resolution: "ncp@npm:0.4.2"
  bin:
    ncp: ./bin/ncp
  checksum: 10c0/559d8e040bb1b60c285c5888f5c8e83843b1ba1c8555d7aaaf67613418ab2264584ef124460365fff5a59cd92e95248cb4dff56163aafd14dea6f769421ffaf1
  languageName: node
  linkType: hard

"netrc@npm:~0.1.3":
  version: 0.1.4
  resolution: "netrc@npm:0.1.4"
  checksum: 10c0/899319db24c69c127771eaf24b74c3d68011c2736009ce6d75d4b1028e7ea3ac278e6af992602b937f364298fbefb7c74aaa749fa837e67b77a085430e19207c
  languageName: node
  linkType: hard

"nib@npm:~0.9.1":
  version: 0.9.2
  resolution: "nib@npm:0.9.2"
  dependencies:
    stylus: "npm:0.31.x"
  checksum: 10c0/be322f7af4765aacb8abb6c7a68d896b4c8d89e6cc04e7bccf0e83164b451660ab901de74ba1e86d5306f2a54a9e37e28e7d9b1fa01dcb351be3c3615921df9a
  languageName: node
  linkType: hard

"open@npm:0.0.4":
  version: 0.0.4
  resolution: "open@npm:0.0.4"
  checksum: 10c0/bf69c035e6c7dc5bb33a8f098cbe72e4c9f2aeab9df31c166403a4ff45277e2d7b18de87b9a390977e6c77e03013b578748d450596c14a50e4f97a8792673c52
  languageName: node
  linkType: hard

"prettier@npm:^3.8.3":
  version: 3.8.3
  resolution: "prettier@npm:3.8.3"
  bin:
    prettier: bin/prettier.cjs
  checksum: 10c0/754816fd7593eb80f6376d7476d463e832c38a12f32775a82683adb6e35b772b1f484d65f19401507b983a8c8a7cd5a4a9f12006bd56491e8f35503473f77473
  languageName: node
  linkType: hard

"qs@npm:0.6.5":
  version: 0.6.5
  resolution: "qs@npm:0.6.5"
  checksum: 10c0/314ae4e194c1210ed67fb67c378fd06d3953c3c15b26277f1758c4007bba710942de66b2f8e2844ca59acc67f773287478c9db5dfdaceb1704bd627ce41bf8d0
  languageName: node
  linkType: hard

"rainbowsocks@npm:~0.1.2":
  version: 0.1.3
  resolution: "rainbowsocks@npm:0.1.3"
  dependencies:
    debug: "npm:~2.2.0"
  checksum: 10c0/3a1041ba2529bbe30a455ce8f8de3f05ff1af3a1317042e1724509e8e306ec4cd0f23cfba451967603049003ddfc6fc601525a255f1c277ebf274ee95c2cdab7
  languageName: node
  linkType: hard

"redis@npm:0.7.1":
  version: 0.7.1
  resolution: "redis@npm:0.7.1"
  checksum: 10c0/b0d1a4e18b0362c73a31e355afda66ce91d3106c80000e688b2548353bb9622e7a2922b333b62a985b7546bcd44621c073ba121130b7d80df262416811f4e490
  languageName: node
  linkType: hard

"rimraf@npm:~2.1.4":
  version: 2.1.4
  resolution: "rimraf@npm:2.1.4"
  dependencies:
    graceful-fs: "npm:~1"
  dependenciesMeta:
    graceful-fs:
      optional: true
  checksum: 10c0/7c8cbf7952b4280fd19bebde3d341d4609d816ef0272a5d28b46739b6561723cc64d8006a9b3e5959211b3122d0bdb1eb23cd8a02c55ff6d73b7d0995884c955
  languageName: node
  linkType: hard

"rimraf@npm:~2.2.0":
  version: 2.2.8
  resolution: "rimraf@npm:2.2.8"
  bin:
    rimraf: ./bin.js
  checksum: 10c0/5d3ce4c1e874d184dbd416371730819f565ae6bd920f61c742a0704d6e23ae2c95f45f0d8bc20a4f9068342101f9c1656906fb086a18497f4a0f03db3c1610fa
  languageName: node
  linkType: hard

"shoelace@npm:^0.1.1":
  version: 0.1.1
  resolution: "shoelace@npm:0.1.1"
  dependencies:
    commander: "npm:~2.0.0"
    component: "npm:~0.18.0"
    component-builder: "npm:~0.8.3"
    component-stylus: "npm:~1.1.3"
  bin:
    shoelace: bin/shoelace
    shoelace-build: bin/shoelace-build
    shoelace-create: bin/shoelace-create
  checksum: 10c0/2449238ec2bece540b84f3f0d8d8eaa56ba7eae7620304b334ab9db97ea1cca3ff3c967fb6b3ebd599059a84414a672387249d719fc056b60b4b836695cfb143
  languageName: node
  linkType: hard

"socks-proxy-agent@npm:0":
  version: 0.1.2
  resolution: "socks-proxy-agent@npm:0.1.2"
  dependencies:
    agent-base: "npm:~1.0.1"
    extend: "npm:~1.2.1"
    rainbowsocks: "npm:~0.1.2"
  checksum: 10c0/e48b7a3c1676fe7025c1a8481a296a354acbb53931bfdf1511d56ecb1697ddfb6a00af8b493123a26e3b9e264ee466dea1430707e540736ac74a99c318277dba
  languageName: node
  linkType: hard

"string-to-js@npm:0.0.1":
  version: 0.0.1
  resolution: "string-to-js@npm:0.0.1"
  checksum: 10c0/aafa7f69e67bade77e8868a4f363c6121a2a97812cd7b43b274d4f22d0953cf786b63dc6bc35f71c1a0d814687bdf246d520e27bacd3424e4da0c8126a307440
  languageName: node
  linkType: hard

"stylus@npm:0.31.x":
  version: 0.31.0
  resolution: "stylus@npm:0.31.0"
  dependencies:
    cssom: "npm:0.2.x"
    debug: "npm:*"
    mkdirp: "npm:0.3.x"
  bin:
    stylus: ./bin/stylus
  checksum: 10c0/ce39bc2e6d9df7608a40b347a8408539102049b625f747f0e830e4f408b8b86cb381e49b2e95a79c6c51d4c4d439a971de9f7727c6ceedf7a899f97d003e0623
  languageName: node
  linkType: hard

"stylus@npm:~0.32.0":
  version: 0.32.1
  resolution: "stylus@npm:0.32.1"
  dependencies:
    cssom: "npm:0.2.x"
    debug: "npm:*"
    mkdirp: "npm:0.3.x"
  bin:
    stylus: ./bin/stylus
  checksum: 10c0/83a31f884436c6ebd23f071573f100faf44b898049bda5aeca4dd3aa6fbf659a194aa072fd79386945861ac6836479419c9dec91fc072d3631935c203f3428d7
  languageName: node
  linkType: hard

"superagent-proxy@npm:0.0.1":
  version: 0.0.1
  resolution: "superagent-proxy@npm:0.0.1"
  dependencies:
    http-proxy-agent: "npm:0"
    https-proxy-agent: "npm:0"
    socks-proxy-agent: "npm:0"
  peerDependencies:
    superagent: 0
  checksum: 10c0/4f5ed1c77b0276fde9912345e1d8e9eb83e9ba0373fd61a3cc6eb501b9325398b0e5b0ba7982a913a847306dfaba40a134e6c07b43cfed42f3e475aedfa1eeda
  languageName: node
  linkType: hard

"superagent@npm:0.15.3":
  version: 0.15.3
  resolution: "superagent@npm:0.15.3"
  dependencies:
    cookiejar: "npm:1.3.0"
    debug: "npm:~0.7.2"
    emitter-component: "npm:1.0.0"
    formidable: "npm:1.0.14"
    methods: "npm:0.0.1"
    mime: "npm:1.2.5"
    qs: "npm:0.6.5"
  checksum: 10c0/812773fc073991e0b819b4d59cd5beaefdfec7b195cbbffd535681a684d5836e54e9490174f8fdfa50fdb06b5e858cc9e990f0408e691c4e460566f59b4f6daf
  languageName: node
  linkType: hard

"win-fork@npm:1.0.0":
  version: 1.0.0
  resolution: "win-fork@npm:1.0.0"
  checksum: 10c0/70930bbc7ae7b71ea7f0445c715fac82dd6e0f596eab8e074c300ddab9ccbeb9b64233537cacfb1081ed4ea9893bb00853f4a572e8c491a581828f5634b6056b
  languageName: node
  linkType: hard
