# This file is generated by running "yarn install" inside your project.
# Manual changes might be lost - proceed with caution!

__metadata:
  version: 9
  cacheKey: 10c0

"@lit-labs/ssr-dom-shim@npm:^1.5.0":
  version: 1.5.1
  resolution: "@lit-labs/ssr-dom-shim@npm:1.5.1"
  checksum: 10c0/2b10a42db0af33a4db32b3aa34db0f546aaa6794acdfc173499e999b4423102a1c9d15687679c674f07fa799cf740b5f5641c2ca6eee5d4af30c762a1e3b8c4f
  languageName: node
  linkType: hard

"@lit/reactive-element@npm:^2.1.0":
  version: 2.1.2
  resolution: "@lit/reactive-element@npm:2.1.2"
  dependencies:
    "@lit-labs/ssr-dom-shim": "npm:^1.5.0"
  checksum: 10c0/557069ce6ebbbafb1140e1e0a25ce73d3501bf455cda231d42bb131baa9065c54b6b7ca1655507eede397decd7ddde16c84192cb72a07d4edf41d54e07725933
  languageName: node
  linkType: hard

"@types/trusted-types@npm:^2.0.2":
  version: 2.0.7
  resolution: "@types/trusted-types@npm:2.0.7"
  checksum: 10c0/4c4855f10de7c6c135e0d32ce462419d8abbbc33713b31d294596c0cc34ae1fa6112a2f9da729c8f7a20707782b0d69da3b1f8df6645b0366d08825ca1522e0c
  languageName: node
  linkType: hard

"lit-element@npm:^4.2.0":
  version: 4.2.2
  resolution: "lit-element@npm:4.2.2"
  dependencies:
    "@lit-labs/ssr-dom-shim": "npm:^1.5.0"
    "@lit/reactive-element": "npm:^2.1.0"
    lit-html: "npm:^3.3.0"
  checksum: 10c0/114ab5837f1f9e03a30b1ed1c055fa0e31f01e444464e5ab0453ef88be12d778508235533267c42614d323e3048ee58f865b5c612948a53bd6219abca404c710
  languageName: node
  linkType: hard

"lit-html@npm:^3.3.0":
  version: 3.3.2
  resolution: "lit-html@npm:3.3.2"
  dependencies:
    "@types/trusted-types": "npm:^2.0.2"
  checksum: 10c0/0a6763875acd03dfc5d4483ea74ca4bfe5d71a90b05bfc484e8201721c8603db982760fd27566a69a834f21d34437f7c390e21cd4c6bff149ca7e3a46d3b217a
  languageName: node
  linkType: hard

"lit@npm:^3.3.2":
  version: 3.3.2
  resolution: "lit@npm:3.3.2"
  dependencies:
    "@lit/reactive-element": "npm:^2.1.0"
    lit-element: "npm:^4.2.0"
    lit-html: "npm:^3.3.0"
  checksum: 10c0/50563fd9c7bf546f8fdc6a936321b5be581ce440a359b06048ae5d44c1ecf6c38c2ded708e97d36a1ce70da1a7ad569890e40e0fb5ed040ec42d5ed2365f468d
  languageName: node
  linkType: hard

"lloydflanagan@workspace:.":
  version: 0.0.0-use.local
  resolution: "lloydflanagan@workspace:."
  dependencies:
    lit: "npm:^3.3.2"
    marked: "npm:^18.0.3"
  languageName: unknown
  linkType: soft

"marked@npm:^18.0.3":
  version: 18.0.3
  resolution: "marked@npm:18.0.3"
  bin:
    marked: bin/marked.js
  checksum: 10c0/f2943a439acf17942058f8e4c51373e0f8aa88194b55625ffa22db7955b9c2752fe9bdd4a31498f667d30e5667bab2c27e3f2f56a1045f53b693f000a6199840
  languageName: node
  linkType: hard
